github.com/Kunde21/markdownfmt/v2 v2.1.0 h1:lzLCOy/4xFJwWzyF2o1U+RGJb+GoOVWJ6hNfoew2HPc=
github.com/Kunde21/markdownfmt/v2 v2.1.0/go.mod h1:XK8I51ZbmTEjRizk8Uzu2sC3h8F0x4PM3RXGkNXObkA=
github.com/mattn/go-runewidth v0.0.9 h1:Lm995f3rfxdpd6TSmuVCHVb/QhupuXlYr8sCI/QdE+0=
github.com/mattn/go-runewidth v0.0.9/go.mod h1:H031xJmbD/WCDINGzjvQ9THkh0rPKHF+m2gUSrubnMI=
github.com/pkg/errors v0.9.1 h1:FEBLx1zS214owpjy7qsBeixbURkuhQAwrK5UwLGTwt4=
github.com/pkg/errors v0.9.1/go.mod h1:bwawxfHBFNV+L2hUp1rHADufV3IMtnDRdf1r5NINEl0=
github.com/yuin/goldmark v1.3.1/go.mod h1:mwnBkeHKe2W/ZEtQ+71ViKU8L12m81fl3OWwC1Zlc8k=
github.com/yuin/goldmark v1.3.5 h1:dPmz1Snjq0kmkz159iL7S6WzdahUTHnHB5M56WFVifs=
github.com/yuin/goldmark v1.3.5/go.mod h1:mwnBkeHKe2W/ZEtQ+71ViKU8L12m81fl3OWwC1Zlc8k=
